
Microsoft Visual Studio Solution File, Format Version 12.00
# Visual Studio Version 17
VisualStudioVersion = 17.8.34330.188
MinimumVisualStudioVersion = 10.0.40219.1
Project("{2150E333-8FDC-42A3-9474-1A3956D46DE8}") = "BAL", "BAL", "{EB0EF350-38E5-4FC0-9535-DEA1B7C8AB77}"
EndProject
Project("{2150E333-8FDC-42A3-9474-1A3956D46DE8}") = "DAL", "DAL", "{5E516D37-6D14-49CD-A35A-40CFED5E74EC}"
EndProject
Project("{2150E333-8FDC-42A3-9474-1A3956D46DE8}") = "ConfigurationManager", "ConfigurationManager", "{C6A45E53-8742-458A-8727-2B5EC342CA29}"
EndProject
Project("{2150E333-8FDC-42A3-9474-1A3956D46DE8}") = "Core", "Core", "{1FDAA244-1288-49A7-BEB4-0D5031150382}"
EndProject
Project("{2150E333-8FDC-42A3-9474-1A3956D46DE8}") = "Model", "Model", "{72FF778D-3470-4A5D-A85B-8578BBCD0024}"
EndProject
Project("{FAE04EC0-301F-11D3-BF4B-00C04F79EFBC}") = "CarRentalSystem", "CarRentalSystem\CarRentalSystem.csproj", "{F9211F1F-FA55-475C-9A0B-E051FF78302E}"
EndProject
Project("{FAE04EC0-301F-11D3-BF4B-00C04F79EFBC}") = "CarRentalSystem.BAL", "CarRentalSystem.BAL\CarRentalSystem.BAL.csproj", "{1D17A40A-B9D5-4E0B-8C4A-887CA35DE7B2}"
EndProject
Project("{FAE04EC0-301F-11D3-BF4B-00C04F79EFBC}") = "CarRentalSystem.ConfigurationManager", "CarRentalSystem.ConfigurationManager\CarRentalSystem.ConfigurationManager.csproj", "{36471C0B-4AB7-4705-A64A-CD73F2E51F1A}"
EndProject
Project("{FAE04EC0-301F-11D3-BF4B-00C04F79EFBC}") = "CarRentalSystem.Core", "CarRentalSystem.Core\CarRentalSystem.Core.csproj", "{3BF3CA53-56EB-4A75-B6F6-DEB56B4D80C2}"
EndProject
Project("{FAE04EC0-301F-11D3-BF4B-00C04F79EFBC}") = "CarRentalSystem.DAL", "CarRentalSystem.DAL\CarRentalSystem.DAL.csproj", "{7A9A13C9-8FF3-4F10-A0B4-5F24BD48C2E3}"
EndProject
Project("{FAE04EC0-301F-11D3-BF4B-00C04F79EFBC}") = "CarRentalSystem.Model", "CarRentalSystem.Model\CarRentalSystem.Model.csproj", "{09786C42-4788-4AB7-B08D-9E922BEDD3D0}"
EndProject
Project("{2150E333-8FDC-42A3-9474-1A3956D46DE8}") = "WebAPI", "WebAPI", "{37687DEA-861D-4248-85DE-1D53D3D3F897}"
EndProject
Project("{2150E333-8FDC-42A3-9474-1A3956D46DE8}") = "WebAPIModels", "WebAPIModels", "{D9A59B12-698A-43BB-A081-41AB70F036F3}"
EndProject
Project("{FAE04EC0-301F-11D3-BF4B-00C04F79EFBC}") = "APICarRental", "WebAPI\APICarRental\APICarRental.csproj", "{149AC814-615A-4082-B65E-54A610FF47B0}"
EndProject
Project("{FAE04EC0-301F-11D3-BF4B-00C04F79EFBC}") = "WebAPIModels", "WebAPIModels\WebAPIModels\WebAPIModels.csproj", "{608074D4-6CF9-44F0-8956-0DCCF6C57E91}"
EndProject
Global
	GlobalSection(SolutionConfigurationPlatforms) = preSolution
		Debug|Any CPU = Debug|Any CPU
		Release|Any CPU = Release|Any CPU
	EndGlobalSection
	GlobalSection(ProjectConfigurationPlatforms) = postSolution
		{F9211F1F-FA55-475C-9A0B-E051FF78302E}.Debug|Any CPU.ActiveCfg = Debug|Any CPU
		{F9211F1F-FA55-475C-9A0B-E051FF78302E}.Debug|Any CPU.Build.0 = Debug|Any CPU
		{F9211F1F-FA55-475C-9A0B-E051FF78302E}.Release|Any CPU.ActiveCfg = Release|Any CPU
		{F9211F1F-FA55-475C-9A0B-E051FF78302E}.Release|Any CPU.Build.0 = Release|Any CPU
		{1D17A40A-B9D5-4E0B-8C4A-887CA35DE7B2}.Debug|Any CPU.ActiveCfg = Debug|Any CPU
		{1D17A40A-B9D5-4E0B-8C4A-887CA35DE7B2}.Debug|Any CPU.Build.0 = Debug|Any CPU
		{1D17A40A-B9D5-4E0B-8C4A-887CA35DE7B2}.Release|Any CPU.ActiveCfg = Release|Any CPU
		{1D17A40A-B9D5-4E0B-8C4A-887CA35DE7B2}.Release|Any CPU.Build.0 = Release|Any CPU
		{36471C0B-4AB7-4705-A64A-CD73F2E51F1A}.Debug|Any CPU.ActiveCfg = Debug|Any CPU
		{36471C0B-4AB7-4705-A64A-CD73F2E51F1A}.Debug|Any CPU.Build.0 = Debug|Any CPU
		{36471C0B-4AB7-4705-A64A-CD73F2E51F1A}.Release|Any CPU.ActiveCfg = Release|Any CPU
		{36471C0B-4AB7-4705-A64A-CD73F2E51F1A}.Release|Any CPU.Build.0 = Release|Any CPU
		{3BF3CA53-56EB-4A75-B6F6-DEB56B4D80C2}.Debug|Any CPU.ActiveCfg = Debug|Any CPU
		{3BF3CA53-56EB-4A75-B6F6-DEB56B4D80C2}.Debug|Any CPU.Build.0 = Debug|Any CPU
		{3BF3CA53-56EB-4A75-B6F6-DEB56B4D80C2}.Release|Any CPU.ActiveCfg = Release|Any CPU
		{3BF3CA53-56EB-4A75-B6F6-DEB56B4D80C2}.Release|Any CPU.Build.0 = Release|Any CPU
		{7A9A13C9-8FF3-4F10-A0B4-5F24BD48C2E3}.Debug|Any CPU.ActiveCfg = Debug|Any CPU
		{7A9A13C9-8FF3-4F10-A0B4-5F24BD48C2E3}.Debug|Any CPU.Build.0 = Debug|Any CPU
		{7A9A13C9-8FF3-4F10-A0B4-5F24BD48C2E3}.Release|Any CPU.ActiveCfg = Release|Any CPU
		{7A9A13C9-8FF3-4F10-A0B4-5F24BD48C2E3}.Release|Any CPU.Build.0 = Release|Any CPU
		{09786C42-4788-4AB7-B08D-9E922BEDD3D0}.Debug|Any CPU.ActiveCfg = Debug|Any CPU
		{09786C42-4788-4AB7-B08D-9E922BEDD3D0}.Debug|Any CPU.Build.0 = Debug|Any CPU
		{09786C42-4788-4AB7-B08D-9E922BEDD3D0}.Release|Any CPU.ActiveCfg = Release|Any CPU
		{09786C42-4788-4AB7-B08D-9E922BEDD3D0}.Release|Any CPU.Build.0 = Release|Any CPU
		{149AC814-615A-4082-B65E-54A610FF47B0}.Debug|Any CPU.ActiveCfg = Debug|Any CPU
		{149AC814-615A-4082-B65E-54A610FF47B0}.Debug|Any CPU.Build.0 = Debug|Any CPU
		{149AC814-615A-4082-B65E-54A610FF47B0}.Release|Any CPU.ActiveCfg = Release|Any CPU
		{149AC814-615A-4082-B65E-54A610FF47B0}.Release|Any CPU.Build.0 = Release|Any CPU
		{608074D4-6CF9-44F0-8956-0DCCF6C57E91}.Debug|Any CPU.ActiveCfg = Debug|Any CPU
		{608074D4-6CF9-44F0-8956-0DCCF6C57E91}.Debug|Any CPU.Build.0 = Debug|Any CPU
		{608074D4-6CF9-44F0-8956-0DCCF6C57E91}.Release|Any CPU.ActiveCfg = Release|Any CPU
		{608074D4-6CF9-44F0-8956-0DCCF6C57E91}.Release|Any CPU.Build.0 = Release|Any CPU
	EndGlobalSection
	GlobalSection(SolutionProperties) = preSolution
		HideSolutionNode = FALSE
	EndGlobalSection
	GlobalSection(NestedProjects) = preSolution
		{1D17A40A-B9D5-4E0B-8C4A-887CA35DE7B2} = {EB0EF350-38E5-4FC0-9535-DEA1B7C8AB77}
		{36471C0B-4AB7-4705-A64A-CD73F2E51F1A} = {C6A45E53-8742-458A-8727-2B5EC342CA29}
		{3BF3CA53-56EB-4A75-B6F6-DEB56B4D80C2} = {1FDAA244-1288-49A7-BEB4-0D5031150382}
		{7A9A13C9-8FF3-4F10-A0B4-5F24BD48C2E3} = {5E516D37-6D14-49CD-A35A-40CFED5E74EC}
		{09786C42-4788-4AB7-B08D-9E922BEDD3D0} = {72FF778D-3470-4A5D-A85B-8578BBCD0024}
		{149AC814-615A-4082-B65E-54A610FF47B0} = {37687DEA-861D-4248-85DE-1D53D3D3F897}
		{608074D4-6CF9-44F0-8956-0DCCF6C57E91} = {D9A59B12-698A-43BB-A081-41AB70F036F3}
	EndGlobalSection
	GlobalSection(ExtensibilityGlobals) = postSolution
		SolutionGuid = {B1608D95-BBC1-4B31-BE71-B30B98D55252}
	EndGlobalSection
EndGlobal
